PODS:
  - AMPAvatarView (1.0.3)
  - CSNotificationView (0.3.6)
  - MBProgressHUD (0.8)
  - NPReachability (0.1.0)
  - Reachability (3.1.1)

DEPENDENCIES:
  - AMPAvatarView (~> 1.0.3)
  - CSNotificationView (~> 0.3.3)
  - MBProgressHUD (~> 0.8)
  - NPReachability (~> 0.1.0)
  - Reachability (~> 3.1.1)

SPEC CHECKSUMS:
  AMPAvatarView: b4b26cb1350a4eaefc47e6b71f389d190dbde073
  CSNotificationView: d424867783193cb703ab70d70788abcd65638873
  MBProgressHUD: c356980b0cd097f19acec959b49dca5eb8ec31be
  NPReachability: 3f1d22668d58b79ac37d08e88d03477cef7b4c24
  Reachability: 8e9635e3cb4f98e7f825e51147f677ecc694d0e7

COCOAPODS: 0.32.1