// !$*UTF8*$!
{
	archiveVersion = 1;
	classes = {
	};
	objectVersion = 46;
	objects = {

/* Begin PBXBuildFile section */
		641AF380FE954A6D996B029D /* libPods.a in Frameworks */ = {isa = PBXBuildFile; fileRef = F2ADBFAE68984DBDA17CC3D1 /* libPods.a */; };
		7A2F91D81A6F006900675106 /* HPCoreDataStack.m in Sources */ = {isa = PBXBuildFile; fileRef = 7A2F91D71A6F006900675106 /* HPCoreDataStack.m */; };
		7A2F91DB1A6F03CF00675106 /* RoomeaseDataModel.xcdatamodeld in Sources */ = {isa = PBXBuildFile; fileRef = 7A2F91D91A6F03CF00675106 /* RoomeaseDataModel.xcdatamodeld */; };
		7A2F91F91A6FE2E700675106 /* ListItem+Extention.m in Sources */ = {isa = PBXBuildFile; fileRef = 7A2F91F81A6FE2E700675106 /* ListItem+Extention.m */; };
		7A3541271A73EB32002CA33D /* HPToDoListTableView.m in Sources */ = {isa = PBXBuildFile; fileRef = 7A3541261A73EB32002CA33D /* HPToDoListTableView.m */; };
		7A3541331A767502002CA33D /* Roommate.m in Sources */ = {isa = PBXBuildFile; fileRef = 7A3541321A767502002CA33D /* Roommate.m */; };
		7A3541361A767503002CA33D /* House.m in Sources */ = {isa = PBXBuildFile; fileRef = 7A3541351A767503002CA33D /* House.m */; };
		7A3541391A767503002CA33D /* ListItem.m in Sources */ = {isa = PBXBuildFile; fileRef = 7A3541381A767503002CA33D /* ListItem.m */; };
		7A492FBF1A6C3F7F0088F547 /* MessageUI.framework in Frameworks */ = {isa = PBXBuildFile; fileRef = 7A492FBE1A6C3F7F0088F547 /* MessageUI.framework */; };
		7AC41DEE1A6AA066006C3A3B /* CheckConnectivityView.xib in Resources */ = {isa = PBXBuildFile; fileRef = 7AC41DED1A6AA066006C3A3B /* CheckConnectivityView.xib */; };
		7AC41DF11A6AA3A3006C3A3B /* CheckConnectivityView.m in Sources */ = {isa = PBXBuildFile; fileRef = 7AC41DF01A6AA3A3006C3A3B /* CheckConnectivityView.m */; };
		7AD77F691A690DE200421DB8 /* Bolts.framework in Frameworks */ = {isa = PBXBuildFile; fileRef = 7AD77F671A690DE200421DB8 /* Bolts.framework */; };
		7AD77F6B1A690DE200421DB8 /* Parse.framework in Frameworks */ = {isa = PBXBuildFile; fileRef = 7AD77F681A690DE200421DB8 /* Parse.framework */; };
		7AD77F6E1A690EB100421DB8 /* libsqlite3.dylib in Frameworks */ = {isa = PBXBuildFile; fileRef = 7AD77F6D1A690EB100421DB8 /* libsqlite3.dylib */; };
		7AD77F701A690F5900421DB8 /* Social.framework in Frameworks */ = {isa = PBXBuildFile; fileRef = 7AD77F6F1A690F5900421DB8 /* Social.framework */; };
		7AD77F741A690FAC00421DB8 /* Accounts.framework in Frameworks */ = {isa = PBXBuildFile; fileRef = 7AD77F731A690FAC00421DB8 /* Accounts.framework */; };
		C6495B1F1A7705A100847BD4 /* Crashlytics.framework in Frameworks */ = {isa = PBXBuildFile; fileRef = C6495B1D1A7705A100847BD4 /* Crashlytics.framework */; };
		C6495B201A7705A100847BD4 /* Fabric.framework in Frameworks */ = {isa = PBXBuildFile; fileRef = C6495B1E1A7705A100847BD4 /* Fabric.framework */; };
		F36CEC1B18C6880B0013D094 /* HPSyncWorker.m in Sources */ = {isa = PBXBuildFile; fileRef = F36CEC1A18C6880B0013D094 /* HPSyncWorker.m */; };
		F36CEC2018C804160013D094 /* HPPushHelper.m in Sources */ = {isa = PBXBuildFile; fileRef = F36CEC1F18C804160013D094 /* HPPushHelper.m */; };
		F710E5FA187862B700BD9D54 /* HPLoginRouter.m in Sources */ = {isa = PBXBuildFile; fileRef = F710E5F9187862B700BD9D54 /* HPLoginRouter.m */; };
		F710E6041879213800BD9D54 /* main.js in Sources */ = {isa = PBXBuildFile; fileRef = F710E5FF1879213800BD9D54 /* main.js */; };
		F710E6051879213800BD9D54 /* global.json in Resources */ = {isa = PBXBuildFile; fileRef = F710E6011879213800BD9D54 /* global.json */; };
		F710E6061879213800BD9D54 /* index.html in Resources */ = {isa = PBXBuildFile; fileRef = F710E6031879213800BD9D54 /* index.html */; };
		F710E60B187F77BC00BD9D54 /* HPCentralData.m in Sources */ = {isa = PBXBuildFile; fileRef = F710E60A187F77BC00BD9D54 /* HPCentralData.m */; };
		F711387E1876086B00D9BA9E /* CoreLocation.framework in Frameworks */ = {isa = PBXBuildFile; fileRef = F7A6F4A81852320A00CEB9FD /* CoreLocation.framework */; };
		F71138801877008600D9BA9E /* ottawa.gpx in Resources */ = {isa = PBXBuildFile; fileRef = F711387F1877008600D9BA9E /* ottawa.gpx */; };
		F711388518777B8800D9BA9E /* HPNoHomeViewController.m in Sources */ = {isa = PBXBuildFile; fileRef = F711388318777B8800D9BA9E /* HPNoHomeViewController.m */; };
		F711388618777B8800D9BA9E /* HPNoHomeViewController.xib in Resources */ = {isa = PBXBuildFile; fileRef = F711388418777B8800D9BA9E /* HPNoHomeViewController.xib */; };
		F711388B1877832000D9BA9E /* HPCreateHouseViewController.m in Sources */ = {isa = PBXBuildFile; fileRef = F71138891877832000D9BA9E /* HPCreateHouseViewController.m */; };
		F711388C1877832000D9BA9E /* HPCreateHouseViewController.xib in Resources */ = {isa = PBXBuildFile; fileRef = F711388A1877832000D9BA9E /* HPCreateHouseViewController.xib */; };
		F71138911877837D00D9BA9E /* HPJoinHouseViewController.m in Sources */ = {isa = PBXBuildFile; fileRef = F711388F1877837D00D9BA9E /* HPJoinHouseViewController.m */; };
		F71138921877837D00D9BA9E /* HPJoinHouseViewController.xib in Resources */ = {isa = PBXBuildFile; fileRef = F71138901877837D00D9BA9E /* HPJoinHouseViewController.xib */; };
		F714B82018ABD54C00B598E7 /* HPLocationManager.m in Sources */ = {isa = PBXBuildFile; fileRef = F714B81F18ABD54C00B598E7 /* HPLocationManager.m */; };
		F714B83218B1387800B598E7 /* RoommateImageSubview.m in Sources */ = {isa = PBXBuildFile; fileRef = F714B83018B1387800B598E7 /* RoommateImageSubview.m */; };
		F714B83318B1387800B598E7 /* RoommateImageSubview.xib in Resources */ = {isa = PBXBuildFile; fileRef = F714B83118B1387800B598E7 /* RoommateImageSubview.xib */; };
		F714B83C18B13BC200B598E7 /* SingleRoommateSubview.m in Sources */ = {isa = PBXBuildFile; fileRef = F714B83A18B13BC200B598E7 /* SingleRoommateSubview.m */; };
		F714B83D18B13BC200B598E7 /* SingleRoommateSubview.xib in Resources */ = {isa = PBXBuildFile; fileRef = F714B83B18B13BC200B598E7 /* SingleRoommateSubview.xib */; };
		F714B84118B167B700B598E7 /* HPNewHouseSetup.m in Sources */ = {isa = PBXBuildFile; fileRef = F714B84018B167B700B598E7 /* HPNewHouseSetup.m */; };
		F714B84E18B1CC5800B598E7 /* libz.dylib in Frameworks */ = {isa = PBXBuildFile; fileRef = F714B84D18B1CC5800B598E7 /* libz.dylib */; };
		F714B89518B5B96E00B598E7 /* HPCameraManager.m in Sources */ = {isa = PBXBuildFile; fileRef = F714B89418B5B96E00B598E7 /* HPCameraManager.m */; };
		F73A01B418AAFD00000F25B6 /* HPSettingsViewController.m in Sources */ = {isa = PBXBuildFile; fileRef = F73A01B218AAFD00000F25B6 /* HPSettingsViewController.m */; };
		F73A01B518AAFD00000F25B6 /* HPSettingsViewController.xib in Resources */ = {isa = PBXBuildFile; fileRef = F73A01B318AAFD00000F25B6 /* HPSettingsViewController.xib */; };
		F73F9EAC18BE9674009D6097 /* HPUINotifier.m in Sources */ = {isa = PBXBuildFile; fileRef = F73F9EAB18BE9674009D6097 /* HPUINotifier.m */; };
		F765357B1867C3840046263B /* HPSigninViewController.m in Sources */ = {isa = PBXBuildFile; fileRef = F76535791867C3840046263B /* HPSigninViewController.m */; };
		F765357C1867C3840046263B /* HPSigninViewController.xib in Resources */ = {isa = PBXBuildFile; fileRef = F765357A1867C3840046263B /* HPSigninViewController.xib */; };
		F76535811867D1B20046263B /* HPSignupViewController.m in Sources */ = {isa = PBXBuildFile; fileRef = F765357F1867D1B20046263B /* HPSignupViewController.m */; };
		F76535821867D1B20046263B /* HPSignupViewController.xib in Resources */ = {isa = PBXBuildFile; fileRef = F76535801867D1B20046263B /* HPSignupViewController.xib */; };
		F7653588186F67CA0046263B /* HPMainViewController.m in Sources */ = {isa = PBXBuildFile; fileRef = F7653586186F67CA0046263B /* HPMainViewController.m */; };
		F7653589186F67CA0046263B /* HPMainViewController.xib in Resources */ = {isa = PBXBuildFile; fileRef = F7653587186F67CA0046263B /* HPMainViewController.xib */; };
		F76F513B189869B100A202A6 /* HPRoommate.m in Sources */ = {isa = PBXBuildFile; fileRef = F76F513A189869B100A202A6 /* HPRoommate.m */; };
		F77D56E818D7934D00CFF118 /* HPListTableViewCell.m in Sources */ = {isa = PBXBuildFile; fileRef = F77D56E618D7934D00CFF118 /* HPListTableViewCell.m */; };
		F77D56E918D7934D00CFF118 /* HPListTableViewCell.xib in Resources */ = {isa = PBXBuildFile; fileRef = F77D56E718D7934D00CFF118 /* HPListTableViewCell.xib */; };
		F77D56EF18DC93A800CFF118 /* HelveticaNeue.dfont in Resources */ = {isa = PBXBuildFile; fileRef = F77D56EC18DC93A800CFF118 /* HelveticaNeue.dfont */; };
		F77D56F018DC93A800CFF118 /* Mission-Script.otf in Resources */ = {isa = PBXBuildFile; fileRef = F77D56ED18DC93A800CFF118 /* Mission-Script.otf */; };
		F77D56F118DC93A800CFF118 /* roomease-homescreen-fonts.rtf in Resources */ = {isa = PBXBuildFile; fileRef = F77D56EE18DC93A800CFF118 /* roomease-homescreen-fonts.rtf */; };
		F78D484E185AAB03000A79BC /* HPNetworkObject.m in Sources */ = {isa = PBXBuildFile; fileRef = F78D484D185AAB03000A79BC /* HPNetworkObject.m */; };
		F78D4854185AC0E2000A79BC /* HPHouse.m in Sources */ = {isa = PBXBuildFile; fileRef = F78D4853185AC0E2000A79BC /* HPHouse.m */; };
		F7A1221A18522A4100E51B06 /* Foundation.framework in Frameworks */ = {isa = PBXBuildFile; fileRef = F7A1221918522A4100E51B06 /* Foundation.framework */; };
		F7A1221C18522A4100E51B06 /* CoreGraphics.framework in Frameworks */ = {isa = PBXBuildFile; fileRef = F7A1221B18522A4100E51B06 /* CoreGraphics.framework */; };
		F7A1221E18522A4100E51B06 /* UIKit.framework in Frameworks */ = {isa = PBXBuildFile; fileRef = F7A1221D18522A4100E51B06 /* UIKit.framework */; };
		F7A1222018522A4100E51B06 /* CoreData.framework in Frameworks */ = {isa = PBXBuildFile; fileRef = F7A1221F18522A4100E51B06 /* CoreData.framework */; };
		F7A1222618522A4100E51B06 /* InfoPlist.strings in Resources */ = {isa = PBXBuildFile; fileRef = F7A1222418522A4100E51B06 /* InfoPlist.strings */; };
		F7A1222818522A4100E51B06 /* main.m in Sources */ = {isa = PBXBuildFile; fileRef = F7A1222718522A4100E51B06 /* main.m */; };
		F7A1222C18522A4100E51B06 /* HPAppDelegate.m in Sources */ = {isa = PBXBuildFile; fileRef = F7A1222B18522A4100E51B06 /* HPAppDelegate.m */; };
		F7A1222F18522A4100E51B06 /* HousePlant.xcdatamodeld in Sources */ = {isa = PBXBuildFile; fileRef = F7A1222D18522A4100E51B06 /* HousePlant.xcdatamodeld */; };
		F7A1223118522A4100E51B06 /* Images.xcassets in Resources */ = {isa = PBXBuildFile; fileRef = F7A1223018522A4100E51B06 /* Images.xcassets */; };
		F7A1225118522ABE00E51B06 /* HPStartingViewController.m in Sources */ = {isa = PBXBuildFile; fileRef = F7A1224F18522ABE00E51B06 /* HPStartingViewController.m */; };
		F7A1225218522ABE00E51B06 /* HPStartingViewController.xib in Resources */ = {isa = PBXBuildFile; fileRef = F7A1225018522ABE00E51B06 /* HPStartingViewController.xib */; };
		F7A6F4A91852320A00CEB9FD /* AudioToolbox.framework in Frameworks */ = {isa = PBXBuildFile; fileRef = F7A6F4A61852320A00CEB9FD /* AudioToolbox.framework */; };
		F7A6F4AA1852320A00CEB9FD /* CFNetwork.framework in Frameworks */ = {isa = PBXBuildFile; fileRef = F7A6F4A71852320A00CEB9FD /* CFNetwork.framework */; };
		F7A6F4B21852324000CEB9FD /* libz.1.1.3.dylib in Frameworks */ = {isa = PBXBuildFile; fileRef = F7A6F4AC1852324000CEB9FD /* libz.1.1.3.dylib */; };
		F7A6F4B31852324000CEB9FD /* MobileCoreServices.framework in Frameworks */ = {isa = PBXBuildFile; fileRef = F7A6F4AD1852324000CEB9FD /* MobileCoreServices.framework */; };
		F7A6F4B41852324000CEB9FD /* QuartzCore.framework in Frameworks */ = {isa = PBXBuildFile; fileRef = F7A6F4AE1852324000CEB9FD /* QuartzCore.framework */; };
		F7A6F4B51852324000CEB9FD /* Security.framework in Frameworks */ = {isa = PBXBuildFile; fileRef = F7A6F4AF1852324000CEB9FD /* Security.framework */; };
		F7A6F4B61852324000CEB9FD /* StoreKit.framework in Frameworks */ = {isa = PBXBuildFile; fileRef = F7A6F4B01852324000CEB9FD /* StoreKit.framework */; };
		F7A6F4B71852324000CEB9FD /* SystemConfiguration.framework in Frameworks */ = {isa = PBXBuildFile; fileRef = F7A6F4B11852324000CEB9FD /* SystemConfiguration.framework */; };
		F7E3E52218E22251007A9C02 /* HPFreshLoginNewUserSetup.m in Sources */ = {isa = PBXBuildFile; fileRef = F7E3E52118E22251007A9C02 /* HPFreshLoginNewUserSetup.m */; };
/* End PBXBuildFile section */

/* Begin PBXFileReference section */
		447CBE3F67C1D3BDB780BEF1 /* Pods.debug.xcconfig */ = {isa = PBXFileReference; includeInIndex = 1; lastKnownFileType = text.xcconfig; name = Pods.debug.xcconfig; path = "Pods/Target Support Files/Pods/Pods.debug.xcconfig"; sourceTree = "<group>"; };
		7A2F91D61A6F006900675106 /* HPCoreDataStack.h */ = {isa = PBXFileReference; fileEncoding = 4; lastKnownFileType = sourcecode.c.h; path = HPCoreDataStack.h; sourceTree = "<group>"; };
		7A2F91D71A6F006900675106 /* HPCoreDataStack.m */ = {isa = PBXFileReference; fileEncoding = 4; lastKnownFileType = sourcecode.c.objc; path = HPCoreDataStack.m; sourceTree = "<group>"; };
		7A2F91DA1A6F03CF00675106 /* RoomeaseDataModel.xcdatamodel */ = {isa = PBXFileReference; lastKnownFileType = wrapper.xcdatamodel; path = RoomeaseDataModel.xcdatamodel; sourceTree = "<group>"; };
		7A2F91F71A6FE2E700675106 /* ListItem+Extention.h */ = {isa = PBXFileReference; fileEncoding = 4; lastKnownFileType = sourcecode.c.h; path = "ListItem+Extention.h"; sourceTree = "<group>"; };
		7A2F91F81A6FE2E700675106 /* ListItem+Extention.m */ = {isa = PBXFileReference; fileEncoding = 4; lastKnownFileType = sourcecode.c.objc; path = "ListItem+Extention.m"; sourceTree = "<group>"; };
		7A3541251A73EB32002CA33D /* HPToDoListTableView.h */ = {isa = PBXFileReference; fileEncoding = 4; lastKnownFileType = sourcecode.c.h; path = HPToDoListTableView.h; sourceTree = "<group>"; };
		7A3541261A73EB32002CA33D /* HPToDoListTableView.m */ = {isa = PBXFileReference; fileEncoding = 4; lastKnownFileType = sourcecode.c.objc; path = HPToDoListTableView.m; sourceTree = "<group>"; };
		7A3541311A767502002CA33D /* Roommate.h */ = {isa = PBXFileReference; fileEncoding = 4; lastKnownFileType = sourcecode.c.h; path = Roommate.h; sourceTree = "<group>"; };
		7A3541321A767502002CA33D /* Roommate.m */ = {isa = PBXFileReference; fileEncoding = 4; lastKnownFileType = sourcecode.c.objc; path = Roommate.m; sourceTree = "<group>"; };
		7A3541341A767503002CA33D /* House.h */ = {isa = PBXFileReference; fileEncoding = 4; lastKnownFileType = sourcecode.c.h; path = House.h; sourceTree = "<group>"; };
		7A3541351A767503002CA33D /* House.m */ = {isa = PBXFileReference; fileEncoding = 4; lastKnownFileType = sourcecode.c.objc; path = House.m; sourceTree = "<group>"; };
		7A3541371A767503002CA33D /* ListItem.h */ = {isa = PBXFileReference; fileEncoding = 4; lastKnownFileType = sourcecode.c.h; path = ListItem.h; sourceTree = "<group>"; };
		7A3541381A767503002CA33D /* ListItem.m */ = {isa = PBXFileReference; fileEncoding = 4; lastKnownFileType = sourcecode.c.objc; path = ListItem.m; sourceTree = "<group>"; };
		7A492FBE1A6C3F7F0088F547 /* MessageUI.framework */ = {isa = PBXFileReference; lastKnownFileType = wrapper.framework; name = MessageUI.framework; path = System/Library/Frameworks/MessageUI.framework; sourceTree = SDKROOT; };
		7AC41DED1A6AA066006C3A3B /* CheckConnectivityView.xib */ = {isa = PBXFileReference; fileEncoding = 4; lastKnownFileType = file.xib; path = CheckConnectivityView.xib; sourceTree = "<group>"; };
		7AC41DEF1A6AA37C006C3A3B /* CheckConnectivityView.h */ = {isa = PBXFileReference; lastKnownFileType = sourcecode.c.h; path = CheckConnectivityView.h; sourceTree = "<group>"; };
		7AC41DF01A6AA3A3006C3A3B /* CheckConnectivityView.m */ = {isa = PBXFileReference; fileEncoding = 4; lastKnownFileType = sourcecode.c.objc; path = CheckConnectivityView.m; sourceTree = "<group>"; };
		7AD77F671A690DE200421DB8 /* Bolts.framework */ = {isa = PBXFileReference; lastKnownFileType = wrapper.framework; name = Bolts.framework; path = "parse-library-1.6.1/Bolts.framework"; sourceTree = "<group>"; };
		7AD77F681A690DE200421DB8 /* Parse.framework */ = {isa = PBXFileReference; lastKnownFileType = wrapper.framework; name = Parse.framework; path = "parse-library-1.6.1/Parse.framework"; sourceTree = "<group>"; };
		7AD77F6D1A690EB100421DB8 /* libsqlite3.dylib */ = {isa = PBXFileReference; lastKnownFileType = "compiled.mach-o.dylib"; name = libsqlite3.dylib; path = usr/lib/libsqlite3.dylib; sourceTree = SDKROOT; };
		7AD77F6F1A690F5900421DB8 /* Social.framework */ = {isa = PBXFileReference; lastKnownFileType = wrapper.framework; name = Social.framework; path = System/Library/Frameworks/Social.framework; sourceTree = SDKROOT; };
		7AD77F711A690F8500421DB8 /* Twitter.framework */ = {isa = PBXFileReference; lastKnownFileType = wrapper.framework; name = Twitter.framework; path = System/Library/Frameworks/Twitter.framework; sourceTree = SDKROOT; };
		7AD77F731A690FAC00421DB8 /* Accounts.framework */ = {isa = PBXFileReference; lastKnownFileType = wrapper.framework; name = Accounts.framework; path = System/Library/Frameworks/Accounts.framework; sourceTree = SDKROOT; };
		AF077DDD507839C82B4D789F /* Pods.release.xcconfig */ = {isa = PBXFileReference; includeInIndex = 1; lastKnownFileType = text.xcconfig; name = Pods.release.xcconfig; path = "Pods/Target Support Files/Pods/Pods.release.xcconfig"; sourceTree = "<group>"; };
		C6495B1D1A7705A100847BD4 /* Crashlytics.framework */ = {isa = PBXFileReference; lastKnownFileType = wrapper.framework; path = Crashlytics.framework; sourceTree = "<group>"; };
		C6495B1E1A7705A100847BD4 /* Fabric.framework */ = {isa = PBXFileReference; lastKnownFileType = wrapper.framework; path = Fabric.framework; sourceTree = "<group>"; };
		F2ADBFAE68984DBDA17CC3D1 /* libPods.a */ = {isa = PBXFileReference; explicitFileType = archive.ar; includeInIndex = 0; path = libPods.a; sourceTree = BUILT_PRODUCTS_DIR; };
		F36CEC1918C6880B0013D094 /* HPSyncWorker.h */ = {isa = PBXFileReference; fileEncoding = 4; lastKnownFileType = sourcecode.c.h; name = HPSyncWorker.h; path = HelperClasses/HPSyncWorker/HPSyncWorker.h; sourceTree = "<group>"; };
		F36CEC1A18C6880B0013D094 /* HPSyncWorker.m */ = {isa = PBXFileReference; fileEncoding = 4; lastKnownFileType = sourcecode.c.objc; name = HPSyncWorker.m; path = HelperClasses/HPSyncWorker/HPSyncWorker.m; sourceTree = "<group>"; };
		F36CEC1E18C804160013D094 /* HPPushHelper.h */ = {isa = PBXFileReference; fileEncoding = 4; lastKnownFileType = sourcecode.c.h; name = HPPushHelper.h; path = HelperClasses/HPPushHelper/HPPushHelper.h; sourceTree = "<group>"; };
		F36CEC1F18C804160013D094 /* HPPushHelper.m */ = {isa = PBXFileReference; fileEncoding = 4; lastKnownFileType = sourcecode.c.objc; name = HPPushHelper.m; path = HelperClasses/HPPushHelper/HPPushHelper.m; sourceTree = "<group>"; };
		F710E5F8187862B700BD9D54 /* HPLoginRouter.h */ = {isa = PBXFileReference; fileEncoding = 4; lastKnownFileType = sourcecode.c.h; name = HPLoginRouter.h; path = HelperClasses/HPLoginRouter.h; sourceTree = "<group>"; };
		F710E5F9187862B700BD9D54 /* HPLoginRouter.m */ = {isa = PBXFileReference; fileEncoding = 4; lastKnownFileType = sourcecode.c.objc; name = HPLoginRouter.m; path = HelperClasses/HPLoginRouter.m; sourceTree = "<group>"; };
		F710E5FF1879213800BD9D54 /* main.js */ = {isa = PBXFileReference; fileEncoding = 4; lastKnownFileType = sourcecode.javascript; path = main.js; sourceTree = "<group>"; };
		F710E6011879213800BD9D54 /* global.json */ = {isa = PBXFileReference; fileEncoding = 4; lastKnownFileType = text.json; path = global.json; sourceTree = "<group>"; };
		F710E6031879213800BD9D54 /* index.html */ = {isa = PBXFileReference; fileEncoding = 4; lastKnownFileType = text.html; path = index.html; sourceTree = "<group>"; };
		F710E609187F77BC00BD9D54 /* HPCentralData.h */ = {isa = PBXFileReference; fileEncoding = 4; lastKnownFileType = sourcecode.c.h; name = HPCentralData.h; path = HelperClasses/HPCentralData/HPCentralData.h; sourceTree = "<group>"; };
		F710E60A187F77BC00BD9D54 /* HPCentralData.m */ = {isa = PBXFileReference; fileEncoding = 4; lastKnownFileType = sourcecode.c.objc; name = HPCentralData.m; path = HelperClasses/HPCentralData/HPCentralData.m; sourceTree = "<group>"; };
		F710E62E1891738700BD9D54 /* ParseKeys.h */ = {isa = PBXFileReference; lastKnownFileType = sourcecode.c.h; path = ParseKeys.h; sourceTree = "<group>"; };
		F711387F1877008600D9BA9E /* ottawa.gpx */ = {isa = PBXFileReference; fileEncoding = 4; lastKnownFileType = text.xml; path = ottawa.gpx; sourceTree = "<group>"; };
		F711388218777B8800D9BA9E /* HPNoHomeViewController.h */ = {isa = PBXFileReference; fileEncoding = 4; lastKnownFileType = sourcecode.c.h; name = HPNoHomeViewController.h; path = ViewControllers/HPNoHomeViewController/HPNoHomeViewController.h; sourceTree = "<group>"; };
		F711388318777B8800D9BA9E /* HPNoHomeViewController.m */ = {isa = PBXFileReference; fileEncoding = 4; lastKnownFileType = sourcecode.c.objc; name = HPNoHomeViewController.m; path = ViewControllers/HPNoHomeViewController/HPNoHomeViewController.m; sourceTree = "<group>"; };
		F711388418777B8800D9BA9E /* HPNoHomeViewController.xib */ = {isa = PBXFileReference; fileEncoding = 4; lastKnownFileType = file.xib; name = HPNoHomeViewController.xib; path = ViewControllers/HPNoHomeViewController/HPNoHomeViewController.xib; sourceTree = "<group>"; };
		F71138881877832000D9BA9E /* HPCreateHouseViewController.h */ = {isa = PBXFileReference; fileEncoding = 4; lastKnownFileType = sourcecode.c.h; name = HPCreateHouseViewController.h; path = ViewControllers/HPCreateHouseViewController/HPCreateHouseViewController.h; sourceTree = "<group>"; };
		F71138891877832000D9BA9E /* HPCreateHouseViewController.m */ = {isa = PBXFileReference; fileEncoding = 4; lastKnownFileType = sourcecode.c.objc; name = HPCreateHouseViewController.m; path = ViewControllers/HPCreateHouseViewController/HPCreateHouseViewController.m; sourceTree = "<group>"; };
		F711388A1877832000D9BA9E /* HPCreateHouseViewController.xib */ = {isa = PBXFileReference; fileEncoding = 4; lastKnownFileType = file.xib; name = HPCreateHouseViewController.xib; path = ViewControllers/HPCreateHouseViewController/HPCreateHouseViewController.xib; sourceTree = "<group>"; };
		F711388E1877837D00D9BA9E /* HPJoinHouseViewController.h */ = {isa = PBXFileReference; fileEncoding = 4; lastKnownFileType = sourcecode.c.h; name = HPJoinHouseViewController.h; path = ViewControllers/HPJoinHouseViewController/HPJoinHouseViewController.h; sourceTree = "<group>"; };
		F711388F1877837D00D9BA9E /* HPJoinHouseViewController.m */ = {isa = PBXFileReference; fileEncoding = 4; lastKnownFileType = sourcecode.c.objc; name = HPJoinHouseViewController.m; path = ViewControllers/HPJoinHouseViewController/HPJoinHouseViewController.m; sourceTree = "<group>"; };
		F71138901877837D00D9BA9E /* HPJoinHouseViewController.xib */ = {isa = PBXFileReference; fileEncoding = 4; lastKnownFileType = file.xib; name = HPJoinHouseViewController.xib; path = ViewControllers/HPJoinHouseViewController/HPJoinHouseViewController.xib; sourceTree = "<group>"; };
		F714B81E18ABD54C00B598E7 /* HPLocationManager.h */ = {isa = PBXFileReference; fileEncoding = 4; lastKnownFileType = sourcecode.c.h; name = HPLocationManager.h; path = HelperClasses/HPLocationManager/HPLocationManager.h; sourceTree = "<group>"; };
		F714B81F18ABD54C00B598E7 /* HPLocationManager.m */ = {isa = PBXFileReference; fileEncoding = 4; lastKnownFileType = sourcecode.c.objc; name = HPLocationManager.m; path = HelperClasses/HPLocationManager/HPLocationManager.m; sourceTree = "<group>"; };
		F714B82F18B1387800B598E7 /* RoommateImageSubview.h */ = {isa = PBXFileReference; fileEncoding = 4; lastKnownFileType = sourcecode.c.h; name = RoommateImageSubview.h; path = ViewControllers/HPMainViewController/RoommateImageSubview/RoommateImageSubview.h; sourceTree = "<group>"; };
		F714B83018B1387800B598E7 /* RoommateImageSubview.m */ = {isa = PBXFileReference; fileEncoding = 4; lastKnownFileType = sourcecode.c.objc; name = RoommateImageSubview.m; path = ViewControllers/HPMainViewController/RoommateImageSubview/RoommateImageSubview.m; sourceTree = "<group>"; };
		F714B83118B1387800B598E7 /* RoommateImageSubview.xib */ = {isa = PBXFileReference; fileEncoding = 4; lastKnownFileType = file.xib; name = RoommateImageSubview.xib; path = ViewControllers/HPMainViewController/RoommateImageSubview/RoommateImageSubview.xib; sourceTree = "<group>"; };
		F714B83918B13BC200B598E7 /* SingleRoommateSubview.h */ = {isa = PBXFileReference; fileEncoding = 4; lastKnownFileType = sourcecode.c.h; name = SingleRoommateSubview.h; path = ViewControllers/HPMainViewController/RoommateImageSubview/SingleRoommateSubview/SingleRoommateSubview.h; sourceTree = "<group>"; };
		F714B83A18B13BC200B598E7 /* SingleRoommateSubview.m */ = {isa = PBXFileReference; fileEncoding = 4; lastKnownFileType = sourcecode.c.objc; name = SingleRoommateSubview.m; path = ViewControllers/HPMainViewController/RoommateImageSubview/SingleRoommateSubview/SingleRoommateSubview.m; sourceTree = "<group>"; };
		F714B83B18B13BC200B598E7 /* SingleRoommateSubview.xib */ = {isa = PBXFileReference; fileEncoding = 4; lastKnownFileType = file.xib; name = SingleRoommateSubview.xib; path = ViewControllers/HPMainViewController/RoommateImageSubview/SingleRoommateSubview/SingleRoommateSubview.xib; sourceTree = "<group>"; };
		F714B83F18B167B700B598E7 /* HPNewHouseSetup.h */ = {isa = PBXFileReference; fileEncoding = 4; lastKnownFileType = sourcecode.c.h; name = HPNewHouseSetup.h; path = HelperClasses/HPNewHouseSetup/HPNewHouseSetup.h; sourceTree = "<group>"; };
		F714B84018B167B700B598E7 /* HPNewHouseSetup.m */ = {isa = PBXFileReference; fileEncoding = 4; lastKnownFileType = sourcecode.c.objc; name = HPNewHouseSetup.m; path = HelperClasses/HPNewHouseSetup/HPNewHouseSetup.m; sourceTree = "<group>"; };
		F714B84D18B1CC5800B598E7 /* libz.dylib */ = {isa = PBXFileReference; lastKnownFileType = "compiled.mach-o.dylib"; name = libz.dylib; path = usr/lib/libz.dylib; sourceTree = SDKROOT; };
		F714B89318B5B96E00B598E7 /* HPCameraManager.h */ = {isa = PBXFileReference; fileEncoding = 4; lastKnownFileType = sourcecode.c.h; name = HPCameraManager.h; path = HelperClasses/HPCameraManager/HPCameraManager.h; sourceTree = "<group>"; };
		F714B89418B5B96E00B598E7 /* HPCameraManager.m */ = {isa = PBXFileReference; fileEncoding = 4; lastKnownFileType = sourcecode.c.objc; name = HPCameraManager.m; path = HelperClasses/HPCameraManager/HPCameraManager.m; sourceTree = "<group>"; };
		F73A01B118AAFD00000F25B6 /* HPSettingsViewController.h */ = {isa = PBXFileReference; fileEncoding = 4; lastKnownFileType = sourcecode.c.h; name = HPSettingsViewController.h; path = ViewControllers/HPSettingsViewController/HPSettingsViewController.h; sourceTree = "<group>"; };
		F73A01B218AAFD00000F25B6 /* HPSettingsViewController.m */ = {isa = PBXFileReference; fileEncoding = 4; lastKnownFileType = sourcecode.c.objc; name = HPSettingsViewController.m; path = ViewControllers/HPSettingsViewController/HPSettingsViewController.m; sourceTree = "<group>"; };
		F73A01B318AAFD00000F25B6 /* HPSettingsViewController.xib */ = {isa = PBXFileReference; fileEncoding = 4; lastKnownFileType = file.xib; name = HPSettingsViewController.xib; path = ViewControllers/HPSettingsViewController/HPSettingsViewController.xib; sourceTree = "<group>"; };
		F73F9EA918BE9475009D6097 /* HPUINotifierDelegate.h */ = {isa = PBXFileReference; lastKnownFileType = sourcecode.c.h; name = HPUINotifierDelegate.h; path = Protocols/HPUINotifierDelegate.h; sourceTree = "<group>"; };
		F73F9EAA18BE9674009D6097 /* HPUINotifier.h */ = {isa = PBXFileReference; fileEncoding = 4; lastKnownFileType = sourcecode.c.h; name = HPUINotifier.h; path = HelperClasses/HPUINotifier/HPUINotifier.h; sourceTree = "<group>"; };
		F73F9EAB18BE9674009D6097 /* HPUINotifier.m */ = {isa = PBXFileReference; fileEncoding = 4; lastKnownFileType = sourcecode.c.objc; name = HPUINotifier.m; path = HelperClasses/HPUINotifier/HPUINotifier.m; sourceTree = "<group>"; };
		F76535781867C3840046263B /* HPSigninViewController.h */ = {isa = PBXFileReference; fileEncoding = 4; lastKnownFileType = sourcecode.c.h; name = HPSigninViewController.h; path = ViewControllers/HPSigninViewController/HPSigninViewController.h; sourceTree = "<group>"; };
		F76535791867C3840046263B /* HPSigninViewController.m */ = {isa = PBXFileReference; fileEncoding = 4; lastKnownFileType = sourcecode.c.objc; name = HPSigninViewController.m; path = ViewControllers/HPSigninViewController/HPSigninViewController.m; sourceTree = "<group>"; };
		F765357A1867C3840046263B /* HPSigninViewController.xib */ = {isa = PBXFileReference; fileEncoding = 4; lastKnownFileType = file.xib; name = HPSigninViewController.xib; path = ViewControllers/HPSigninViewController/HPSigninViewController.xib; sourceTree = "<group>"; };
		F765357E1867D1B20046263B /* HPSignupViewController.h */ = {isa = PBXFileReference; fileEncoding = 4; lastKnownFileType = sourcecode.c.h; name = HPSignupViewController.h; path = ViewControllers/HPSignupViewController/HPSignupViewController.h; sourceTree = "<group>"; };
		F765357F1867D1B20046263B /* HPSignupViewController.m */ = {isa = PBXFileReference; fileEncoding = 4; lastKnownFileType = sourcecode.c.objc; name = HPSignupViewController.m; path = ViewControllers/HPSignupViewController/HPSignupViewController.m; sourceTree = "<group>"; };
		F76535801867D1B20046263B /* HPSignupViewController.xib */ = {isa = PBXFileReference; fileEncoding = 4; lastKnownFileType = file.xib; name = HPSignupViewController.xib; path = ViewControllers/HPSignupViewController/HPSignupViewController.xib; sourceTree = "<group>"; };
		F7653583186C99890046263B /* constants.h */ = {isa = PBXFileReference; lastKnownFileType = sourcecode.c.h; path = constants.h; sourceTree = "<group>"; };
		F7653585186F67CA0046263B /* HPMainViewController.h */ = {isa = PBXFileReference; fileEncoding = 4; lastKnownFileType = sourcecode.c.h; name = HPMainViewController.h; path = ViewControllers/HPMainViewController/HPMainViewController.h; sourceTree = "<group>"; };
		F7653586186F67CA0046263B /* HPMainViewController.m */ = {isa = PBXFileReference; fileEncoding = 4; lastKnownFileType = sourcecode.c.objc; name = HPMainViewController.m; path = ViewControllers/HPMainViewController/HPMainViewController.m; sourceTree = "<group>"; };
		F7653587186F67CA0046263B /* HPMainViewController.xib */ = {isa = PBXFileReference; fileEncoding = 4; lastKnownFileType = file.xib; name = HPMainViewController.xib; path = ViewControllers/HPMainViewController/HPMainViewController.xib; sourceTree = "<group>"; };
		F76F5138189865F800A202A6 /* HPNetworkObjectResultBlocks.h */ = {isa = PBXFileReference; lastKnownFileType = sourcecode.c.h; path = HPNetworkObjectResultBlocks.h; sourceTree = "<group>"; };
		F76F5139189869B100A202A6 /* HPRoommate.h */ = {isa = PBXFileReference; fileEncoding = 4; lastKnownFileType = sourcecode.c.h; name = HPRoommate.h; path = NetworkObjects/HPRoommate.h; sourceTree = "<group>"; };
		F76F513A189869B100A202A6 /* HPRoommate.m */ = {isa = PBXFileReference; fileEncoding = 4; lastKnownFileType = sourcecode.c.objc; name = HPRoommate.m; path = NetworkObjects/HPRoommate.m; sourceTree = "<group>"; };
		F77D56E518D7934D00CFF118 /* HPListTableViewCell.h */ = {isa = PBXFileReference; fileEncoding = 4; lastKnownFileType = sourcecode.c.h; name = HPListTableViewCell.h; path = ViewControllers/HPListTableViewCell/HPListTableViewCell.h; sourceTree = "<group>"; };
		F77D56E618D7934D00CFF118 /* HPListTableViewCell.m */ = {isa = PBXFileReference; fileEncoding = 4; lastKnownFileType = sourcecode.c.objc; name = HPListTableViewCell.m; path = ViewControllers/HPListTableViewCell/HPListTableViewCell.m; sourceTree = "<group>"; };
		F77D56E718D7934D00CFF118 /* HPListTableViewCell.xib */ = {isa = PBXFileReference; fileEncoding = 4; lastKnownFileType = file.xib; name = HPListTableViewCell.xib; path = ViewControllers/HPListTableViewCell/HPListTableViewCell.xib; sourceTree = "<group>"; };
		F77D56EC18DC93A800CFF118 /* HelveticaNeue.dfont */ = {isa = PBXFileReference; lastKnownFileType = file; path = HelveticaNeue.dfont; sourceTree = "<group>"; };
		F77D56ED18DC93A800CFF118 /* Mission-Script.otf */ = {isa = PBXFileReference; lastKnownFileType = file; path = "Mission-Script.otf"; sourceTree = "<group>"; };
		F77D56EE18DC93A800CFF118 /* roomease-homescreen-fonts.rtf */ = {isa = PBXFileReference; fileEncoding = 4; lastKnownFileType = text.rtf; path = "roomease-homescreen-fonts.rtf"; sourceTree = "<group>"; };
		F78D484C185AAB03000A79BC /* HPNetworkObject.h */ = {isa = PBXFileReference; fileEncoding = 4; lastKnownFileType = sourcecode.c.h; name = HPNetworkObject.h; path = NetworkObjects/HPNetworkObject.h; sourceTree = "<group>"; };
		F78D484D185AAB03000A79BC /* HPNetworkObject.m */ = {isa = PBXFileReference; fileEncoding = 4; lastKnownFileType = sourcecode.c.objc; name = HPNetworkObject.m; path = NetworkObjects/HPNetworkObject.m; sourceTree = "<group>"; };
		F78D4852185AC0E2000A79BC /* HPHouse.h */ = {isa = PBXFileReference; fileEncoding = 4; lastKnownFileType = sourcecode.c.h; name = HPHouse.h; path = NetworkObjects/HPHouse.h; sourceTree = "<group>"; };
		F78D4853185AC0E2000A79BC /* HPHouse.m */ = {isa = PBXFileReference; fileEncoding = 4; lastKnownFileType = sourcecode.c.objc; name = HPHouse.m; path = NetworkObjects/HPHouse.m; sourceTree = "<group>"; };
		F7A1221618522A4100E51B06 /* RoomEase.app */ = {isa = PBXFileReference; explicitFileType = wrapper.application; includeInIndex = 0; path = RoomEase.app; sourceTree = BUILT_PRODUCTS_DIR; };
		F7A1221918522A4100E51B06 /* Foundation.framework */ = {isa = PBXFileReference; lastKnownFileType = wrapper.framework; name = Foundation.framework; path = System/Library/Frameworks/Foundation.framework; sourceTree = SDKROOT; };
		F7A1221B18522A4100E51B06 /* CoreGraphics.framework */ = {isa = PBXFileReference; lastKnownFileType = wrapper.framework; name = CoreGraphics.framework; path = System/Library/Frameworks/CoreGraphics.framework; sourceTree = SDKROOT; };
		F7A1221D18522A4100E51B06 /* UIKit.framework */ = {isa = PBXFileReference; lastKnownFileType = wrapper.framework; name = UIKit.framework; path = System/Library/Frameworks/UIKit.framework; sourceTree = SDKROOT; };
		F7A1221F18522A4100E51B06 /* CoreData.framework */ = {isa = PBXFileReference; lastKnownFileType = wrapper.framework; name = CoreData.framework; path = System/Library/Frameworks/CoreData.framework; sourceTree = SDKROOT; };
		F7A1222318522A4100E51B06 /* RoomEase-Info.plist */ = {isa = PBXFileReference; lastKnownFileType = text.plist.xml; path = "RoomEase-Info.plist"; sourceTree = "<group>"; };
		F7A1222518522A4100E51B06 /* en */ = {isa = PBXFileReference; lastKnownFileType = text.plist.strings; name = en; path = en.lproj/InfoPlist.strings; sourceTree = "<group>"; };
		F7A1222718522A4100E51B06 /* main.m */ = {isa = PBXFileReference; lastKnownFileType = sourcecode.c.objc; path = main.m; sourceTree = "<group>"; };
		F7A1222918522A4100E51B06 /* RoomEase-Prefix.pch */ = {isa = PBXFileReference; lastKnownFileType = sourcecode.c.h; path = "RoomEase-Prefix.pch"; sourceTree = "<group>"; };
		F7A1222A18522A4100E51B06 /* HPAppDelegate.h */ = {isa = PBXFileReference; lastKnownFileType = sourcecode.c.h; path = HPAppDelegate.h; sourceTree = "<group>"; };
		F7A1222B18522A4100E51B06 /* HPAppDelegate.m */ = {isa = PBXFileReference; lastKnownFileType = sourcecode.c.objc; path = HPAppDelegate.m; sourceTree = "<group>"; };
		F7A1222E18522A4100E51B06 /* HousePlant.xcdatamodel */ = {isa = PBXFileReference; lastKnownFileType = wrapper.xcdatamodel; path = HousePlant.xcdatamodel; sourceTree = "<group>"; };
		F7A1223018522A4100E51B06 /* Images.xcassets */ = {isa = PBXFileReference; lastKnownFileType = folder.assetcatalog; path = Images.xcassets; sourceTree = "<group>"; };
		F7A1223718522A4100E51B06 /* XCTest.framework */ = {isa = PBXFileReference; lastKnownFileType = wrapper.framework; name = XCTest.framework; path = Library/Frameworks/XCTest.framework; sourceTree = DEVELOPER_DIR; };
		F7A1224018522A4100E51B06 /* RoomEaseTests-Info.plist */ = {isa = PBXFileReference; lastKnownFileType = text.plist.xml; path = "RoomEaseTests-Info.plist"; sourceTree = "<group>"; };
		F7A1224218522A4100E51B06 /* en */ = {isa = PBXFileReference; lastKnownFileType = text.plist.strings; name = en; path = en.lproj/InfoPlist.strings; sourceTree = "<group>"; };
		F7A1224418522A4100E51B06 /* HousePlantTests.m */ = {isa = PBXFileReference; lastKnownFileType = sourcecode.c.objc; path = HousePlantTests.m; sourceTree = "<group>"; };
		F7A1224E18522ABE00E51B06 /* HPStartingViewController.h */ = {isa = PBXFileReference; fileEncoding = 4; lastKnownFileType = sourcecode.c.h; name = HPStartingViewController.h; path = ViewControllers/HPStartingViewController/HPStartingViewController.h; sourceTree = "<group>"; };
		F7A1224F18522ABE00E51B06 /* HPStartingViewController.m */ = {isa = PBXFileReference; fileEncoding = 4; lastKnownFileType = sourcecode.c.objc; name = HPStartingViewController.m; path = ViewControllers/HPStartingViewController/HPStartingViewController.m; sourceTree = "<group>"; };
		F7A1225018522ABE00E51B06 /* HPStartingViewController.xib */ = {isa = PBXFileReference; fileEncoding = 4; lastKnownFileType = file.xib; name = HPStartingViewController.xib; path = ViewControllers/HPStartingViewController/HPStartingViewController.xib; sourceTree = "<group>"; };
		F7A6F4A61852320A00CEB9FD /* AudioToolbox.framework */ = {isa = PBXFileReference; lastKnownFileType = wrapper.framework; name = AudioToolbox.framework; path = System/Library/Frameworks/AudioToolbox.framework; sourceTree = SDKROOT; };
		F7A6F4A71852320A00CEB9FD /* CFNetwork.framework */ = {isa = PBXFileReference; lastKnownFileType = wrapper.framework; name = CFNetwork.framework; path = System/Library/Frameworks/CFNetwork.framework; sourceTree = SDKROOT; };
		F7A6F4A81852320A00CEB9FD /* CoreLocation.framework */ = {isa = PBXFileReference; lastKnownFileType = wrapper.framework; name = CoreLocation.framework; path = System/Library/Frameworks/CoreLocation.framework; sourceTree = SDKROOT; };
		F7A6F4AC1852324000CEB9FD /* libz.1.1.3.dylib */ = {isa = PBXFileReference; lastKnownFileType = "compiled.mach-o.dylib"; name = libz.1.1.3.dylib; path = usr/lib/libz.1.1.3.dylib; sourceTree = SDKROOT; };
		F7A6F4AD1852324000CEB9FD /* MobileCoreServices.framework */ = {isa = PBXFileReference; lastKnownFileType = wrapper.framework; name = MobileCoreServices.framework; path = System/Library/Frameworks/MobileCoreServices.framework; sourceTree = SDKROOT; };
		F7A6F4AE1852324000CEB9FD /* QuartzCore.framework */ = {isa = PBXFileReference; lastKnownFileType = wrapper.framework; name = QuartzCore.framework; path = System/Library/Frameworks/QuartzCore.framework; sourceTree = SDKROOT; };
		F7A6F4AF1852324000CEB9FD /* Security.framework */ = {isa = PBXFileReference; lastKnownFileType = wrapper.framework; name = Security.framework; path = System/Library/Frameworks/Security.framework; sourceTree = SDKROOT; };
		F7A6F4B01852324000CEB9FD /* StoreKit.framework */ = {isa = PBXFileReference; lastKnownFileType = wrapper.framework; name = StoreKit.framework; path = System/Library/Frameworks/StoreKit.framework; sourceTree = SDKROOT; };
		F7A6F4B11852324000CEB9FD /* SystemConfiguration.framework */ = {isa = PBXFileReference; lastKnownFileType = wrapper.framework; name = SystemConfiguration.framework; path = System/Library/Frameworks/SystemConfiguration.framework; sourceTree = SDKROOT; };
		F7E3E52018E22251007A9C02 /* HPFreshLoginNewUserSetup.h */ = {isa = PBXFileReference; fileEncoding = 4; lastKnownFileType = sourcecode.c.h; name = HPFreshLoginNewUserSetup.h; path = HelperClasses/HPFreshLoginNewUserSetup/HPFreshLoginNewUserSetup.h; sourceTree = "<group>"; };
		F7E3E52118E22251007A9C02 /* HPFreshLoginNewUserSetup.m */ = {isa = PBXFileReference; fileEncoding = 4; lastKnownFileType = sourcecode.c.objc; name = HPFreshLoginNewUserSetup.m; path = HelperClasses/HPFreshLoginNewUserSetup/HPFreshLoginNewUserSetup.m; sourceTree = "<group>"; };
/* End PBXFileReference section */

/* Begin PBXFrameworksBuildPhase section */
		F7A1221318522A4100E51B06 /* Frameworks */ = {
			isa = PBXFrameworksBuildPhase;
			buildActionMask = 2147483647;
			files = (
				C6495B201A7705A100847BD4 /* Fabric.framework in Frameworks */,
				7A492FBF1A6C3F7F0088F547 /* MessageUI.framework in Frameworks */,
				7AD77F741A690FAC00421DB8 /* Accounts.framework in Frameworks */,
				7AD77F701A690F5900421DB8 /* Social.framework in Frameworks */,
				7AD77F6E1A690EB100421DB8 /* libsqlite3.dylib in Frameworks */,
				F714B84E18B1CC5800B598E7 /* libz.dylib in Frameworks */,
				F711387E1876086B00D9BA9E /* CoreLocation.framework in Frameworks */,
				F7A6F4B21852324000CEB9FD /* libz.1.1.3.dylib in Frameworks */,
				F7A6F4B31852324000CEB9FD /* MobileCoreServices.framework in Frameworks */,
				F7A6F4B41852324000CEB9FD /* QuartzCore.framework in Frameworks */,
				F7A6F4B51852324000CEB9FD /* Security.framework in Frameworks */,
				C6495B1F1A7705A100847BD4 /* Crashlytics.framework in Frameworks */,
				F7A6F4B61852324000CEB9FD /* StoreKit.framework in Frameworks */,
				F7A6F4B71852324000CEB9FD /* SystemConfiguration.framework in Frameworks */,
				F7A6F4A91852320A00CEB9FD /* AudioToolbox.framework in Frameworks */,
				7AD77F6B1A690DE200421DB8 /* Parse.framework in Frameworks */,
				F7A6F4AA1852320A00CEB9FD /* CFNetwork.framework in Frameworks */,
				F7A1221C18522A4100E51B06 /* CoreGraphics.framework in Frameworks */,
				7AD77F691A690DE200421DB8 /* Bolts.framework in Frameworks */,
				F7A1222018522A4100E51B06 /* CoreData.framework in Frameworks */,
				F7A1221E18522A4100E51B06 /* UIKit.framework in Frameworks */,
				F7A1221A18522A4100E51B06 /* Foundation.framework in Frameworks */,
				641AF380FE954A6D996B029D /* libPods.a in Frameworks */,
			);
			runOnlyForDeploymentPostprocessing = 0;
		};
/* End PBXFrameworksBuildPhase section */

/* Begin PBXGroup section */
		7A1B1D1A1A6A9F9600945AAF /* Popups */ = {
			isa = PBXGroup;
			children = (
				7AC41DED1A6AA066006C3A3B /* CheckConnectivityView.xib */,
				7AC41DEF1A6AA37C006C3A3B /* CheckConnectivityView.h */,
				7AC41DF01A6AA3A3006C3A3B /* CheckConnectivityView.m */,
			);
			name = Popups;
			sourceTree = "<group>";
		};
		7A2F91D51A6F002E00675106 /* CoreDataStack */ = {
			isa = PBXGroup;
			children = (
				7A2F91D61A6F006900675106 /* HPCoreDataStack.h */,
				7A2F91D71A6F006900675106 /* HPCoreDataStack.m */,
				7A2F91D91A6F03CF00675106 /* RoomeaseDataModel.xcdatamodeld */,
				7A3541371A767503002CA33D /* ListItem.h */,
				7A3541381A767503002CA33D /* ListItem.m */,
				7A3541341A767503002CA33D /* House.h */,
				7A3541351A767503002CA33D /* House.m */,
				7A3541311A767502002CA33D /* Roommate.h */,
				7A3541321A767502002CA33D /* Roommate.m */,
				7A2F91F71A6FE2E700675106 /* ListItem+Extention.h */,
				7A2F91F81A6FE2E700675106 /* ListItem+Extention.m */,
			);
			name = CoreDataStack;
			sourceTree = "<group>";
		};
		DA734B980359F9A8D8DF60DE /* Pods */ = {
			isa = PBXGroup;
			children = (
				447CBE3F67C1D3BDB780BEF1 /* Pods.debug.xcconfig */,
				AF077DDD507839C82B4D789F /* Pods.release.xcconfig */,
			);
			name = Pods;
			sourceTree = "<group>";
		};
		F36CEC1C18C6881F0013D094 /* HPSyncWorker */ = {
			isa = PBXGroup;
			children = (
				F36CEC1918C6880B0013D094 /* HPSyncWorker.h */,
				F36CEC1A18C6880B0013D094 /* HPSyncWorker.m */,
			);
			name = HPSyncWorker;
			sourceTree = "<group>";
		};
		F36CEC1D18C803EF0013D094 /* HPPushHelper */ = {
			isa = PBXGroup;
			children = (
				F36CEC1E18C804160013D094 /* HPPushHelper.h */,
				F36CEC1F18C804160013D094 /* HPPushHelper.m */,
			);
			name = HPPushHelper;
			sourceTree = "<group>";
		};
		F710E5FB187862BE00BD9D54 /* HelperClasses */ = {
			isa = PBXGroup;
			children = (
				F7E3E51F18E22229007A9C02 /* HPFreshLoginNewUserSetup */,
				F36CEC1D18C803EF0013D094 /* HPPushHelper */,
				F73F9EAD18BE967A009D6097 /* HPUINotifier */,
				F714B89618B5B97B00B598E7 /* HPCameraManager */,
				F714B83E18B1677E00B598E7 /* HPNewHouseSetup */,
				F714B82118ABD55100B598E7 /* HPLocationManager */,
				F710E608187F775900BD9D54 /* HPCentralData */,
				F710E5FC187862DE00BD9D54 /* HPLoginRouter */,
				F36CEC1C18C6881F0013D094 /* HPSyncWorker */,
			);
			name = HelperClasses;
			sourceTree = "<group>";
		};
		F710E5FC187862DE00BD9D54 /* HPLoginRouter */ = {
			isa = PBXGroup;
			children = (
				F710E5F8187862B700BD9D54 /* HPLoginRouter.h */,
				F710E5F9187862B700BD9D54 /* HPLoginRouter.m */,
			);
			name = HPLoginRouter;
			sourceTree = "<group>";
		};
		F710E5FD1879213800BD9D54 /* HPCloudCode */ = {
			isa = PBXGroup;
			children = (
				F710E5FE1879213800BD9D54 /* cloud */,
				F710E6001879213800BD9D54 /* config */,
				F710E6021879213800BD9D54 /* public */,
			);
			path = HPCloudCode;
			sourceTree = "<group>";
		};
		F710E5FE1879213800BD9D54 /* cloud */ = {
			isa = PBXGroup;
			children = (
				F710E5FF1879213800BD9D54 /* main.js */,
			);
			path = cloud;
			sourceTree = "<group>";
		};
		F710E6001879213800BD9D54 /* config */ = {
			isa = PBXGroup;
			children = (
				F710E6011879213800BD9D54 /* global.json */,
			);
			path = config;
			sourceTree = "<group>";
		};
		F710E6021879213800BD9D54 /* public */ = {
			isa = PBXGroup;
			children = (
				F710E6031879213800BD9D54 /* index.html */,
			);
			path = public;
			sourceTree = "<group>";
		};
		F710E607187B0C0600BD9D54 /* HPLogin+Onboarding */ = {
			isa = PBXGroup;
			children = (
				F711388D1877835E00D9BA9E /* HPJoinHouseViewController */,
				F7113887187782FC00D9BA9E /* HPCreateHouseViewController */,
				F711388118777B3600D9BA9E /* HPNoHomeViewController */,
				F765357D1867D16B0046263B /* HPSignupViewController */,
				F76535771867BF630046263B /* HPSigninViewController */,
				F7A1225418522ADB00E51B06 /* HPStartingViewController */,
			);
			name = "HPLogin+Onboarding";
			sourceTree = "<group>";
		};
		F710E608187F775900BD9D54 /* HPCentralData */ = {
			isa = PBXGroup;
			children = (
				F710E609187F77BC00BD9D54 /* HPCentralData.h */,
				F710E60A187F77BC00BD9D54 /* HPCentralData.m */,
			);
			name = HPCentralData;
			sourceTree = "<group>";
		};
		F711388118777B3600D9BA9E /* HPNoHomeViewController */ = {
			isa = PBXGroup;
			children = (
				F711388218777B8800D9BA9E /* HPNoHomeViewController.h */,
				F711388318777B8800D9BA9E /* HPNoHomeViewController.m */,
				F711388418777B8800D9BA9E /* HPNoHomeViewController.xib */,
			);
			name = HPNoHomeViewController;
			sourceTree = "<group>";
		};
		F7113887187782FC00D9BA9E /* HPCreateHouseViewController */ = {
			isa = PBXGroup;
			children = (
				F71138881877832000D9BA9E /* HPCreateHouseViewController.h */,
				F71138891877832000D9BA9E /* HPCreateHouseViewController.m */,
				F711388A1877832000D9BA9E /* HPCreateHouseViewController.xib */,
			);
			name = HPCreateHouseViewController;
			sourceTree = "<group>";
		};
		F711388D1877835E00D9BA9E /* HPJoinHouseViewController */ = {
			isa = PBXGroup;
			children = (
				F711388E1877837D00D9BA9E /* HPJoinHouseViewController.h */,
				F711388F1877837D00D9BA9E /* HPJoinHouseViewController.m */,
				F71138901877837D00D9BA9E /* HPJoinHouseViewController.xib */,
			);
			name = HPJoinHouseViewController;
			sourceTree = "<group>";
		};
		F714B82118ABD55100B598E7 /* HPLocationManager */ = {
			isa = PBXGroup;
			children = (
				F714B81E18ABD54C00B598E7 /* HPLocationManager.h */,
				F714B81F18ABD54C00B598E7 /* HPLocationManager.m */,
			);
			name = HPLocationManager;
			sourceTree = "<group>";
		};
		F714B82B18B1378B00B598E7 /* SingleRoommateSubview */ = {
			isa = PBXGroup;
			children = (
				F714B83918B13BC200B598E7 /* SingleRoommateSubview.h */,
				F714B83A18B13BC200B598E7 /* SingleRoommateSubview.m */,
				F714B83B18B13BC200B598E7 /* SingleRoommateSubview.xib */,
			);
			name = SingleRoommateSubview;
			sourceTree = "<group>";
		};
		F714B83E18B1677E00B598E7 /* HPNewHouseSetup */ = {
			isa = PBXGroup;
			children = (
				F714B83F18B167B700B598E7 /* HPNewHouseSetup.h */,
				F714B84018B167B700B598E7 /* HPNewHouseSetup.m */,
			);
			name = HPNewHouseSetup;
			sourceTree = "<group>";
		};
		F714B89618B5B97B00B598E7 /* HPCameraManager */ = {
			isa = PBXGroup;
			children = (
				F714B89318B5B96E00B598E7 /* HPCameraManager.h */,
				F714B89418B5B96E00B598E7 /* HPCameraManager.m */,
			);
			name = HPCameraManager;
			sourceTree = "<group>";
		};
		F737161818A9BAB500A5AA4B /* RoommateImageSubview */ = {
			isa = PBXGroup;
			children = (
				F714B82F18B1387800B598E7 /* RoommateImageSubview.h */,
				F714B83018B1387800B598E7 /* RoommateImageSubview.m */,
				F714B83118B1387800B598E7 /* RoommateImageSubview.xib */,
				F714B82B18B1378B00B598E7 /* SingleRoommateSubview */,
			);
			name = RoommateImageSubview;
			sourceTree = "<group>";
		};
		F73A01B018AAFCB5000F25B6 /* HPSettingsViewController */ = {
			isa = PBXGroup;
			children = (
				F73A01B118AAFD00000F25B6 /* HPSettingsViewController.h */,
				F73A01B218AAFD00000F25B6 /* HPSettingsViewController.m */,
				F73A01B318AAFD00000F25B6 /* HPSettingsViewController.xib */,
			);
			name = HPSettingsViewController;
			sourceTree = "<group>";
		};
		F73F9EA818BE940D009D6097 /* Protocols */ = {
			isa = PBXGroup;
			children = (
				F73F9EA918BE9475009D6097 /* HPUINotifierDelegate.h */,
			);
			name = Protocols;
			sourceTree = "<group>";
		};
		F73F9EAD18BE967A009D6097 /* HPUINotifier */ = {
			isa = PBXGroup;
			children = (
				F73F9EAA18BE9674009D6097 /* HPUINotifier.h */,
				F73F9EAB18BE9674009D6097 /* HPUINotifier.m */,
			);
			name = HPUINotifier;
			sourceTree = "<group>";
		};
		F76535771867BF630046263B /* HPSigninViewController */ = {
			isa = PBXGroup;
			children = (
				F76535781867C3840046263B /* HPSigninViewController.h */,
				F76535791867C3840046263B /* HPSigninViewController.m */,
				F765357A1867C3840046263B /* HPSigninViewController.xib */,
			);
			name = HPSigninViewController;
			sourceTree = "<group>";
		};
		F765357D1867D16B0046263B /* HPSignupViewController */ = {
			isa = PBXGroup;
			children = (
				F765357E1867D1B20046263B /* HPSignupViewController.h */,
				F765357F1867D1B20046263B /* HPSignupViewController.m */,
				F76535801867D1B20046263B /* HPSignupViewController.xib */,
			);
			name = HPSignupViewController;
			sourceTree = "<group>";
		};
		F7653584186F67110046263B /* HPMainViewController */ = {
			isa = PBXGroup;
			children = (
				F737161818A9BAB500A5AA4B /* RoommateImageSubview */,
				F7653585186F67CA0046263B /* HPMainViewController.h */,
				F7653586186F67CA0046263B /* HPMainViewController.m */,
				F7653587186F67CA0046263B /* HPMainViewController.xib */,
			);
			name = HPMainViewController;
			sourceTree = "<group>";
		};
		F77D56E418D792EF00CFF118 /* HPListTableViewCell */ = {
			isa = PBXGroup;
			children = (
				F77D56E518D7934D00CFF118 /* HPListTableViewCell.h */,
				F77D56E618D7934D00CFF118 /* HPListTableViewCell.m */,
				F77D56E718D7934D00CFF118 /* HPListTableViewCell.xib */,
			);
			name = HPListTableViewCell;
			sourceTree = "<group>";
		};
		F77D56EA18DC93A800CFF118 /* Resources */ = {
			isa = PBXGroup;
			children = (
				F77D56EB18DC93A800CFF118 /* Fonts */,
			);
			path = Resources;
			sourceTree = "<group>";
		};
		F77D56EB18DC93A800CFF118 /* Fonts */ = {
			isa = PBXGroup;
			children = (
				F77D56EC18DC93A800CFF118 /* HelveticaNeue.dfont */,
				F77D56ED18DC93A800CFF118 /* Mission-Script.otf */,
				F77D56EE18DC93A800CFF118 /* roomease-homescreen-fonts.rtf */,
			);
			path = Fonts;
			sourceTree = "<group>";
		};
		F78D484B185AA9DA000A79BC /* NetworkObjects */ = {
			isa = PBXGroup;
			children = (
				F78D484C185AAB03000A79BC /* HPNetworkObject.h */,
				F78D484D185AAB03000A79BC /* HPNetworkObject.m */,
				F78D4852185AC0E2000A79BC /* HPHouse.h */,
				F78D4853185AC0E2000A79BC /* HPHouse.m */,
				F76F5139189869B100A202A6 /* HPRoommate.h */,
				F76F513A189869B100A202A6 /* HPRoommate.m */,
				F76F5138189865F800A202A6 /* HPNetworkObjectResultBlocks.h */,
			);
			name = NetworkObjects;
			sourceTree = "<group>";
		};
		F7A1220D18522A4100E51B06 = {
			isa = PBXGroup;
			children = (
				C6495B1D1A7705A100847BD4 /* Crashlytics.framework */,
				C6495B1E1A7705A100847BD4 /* Fabric.framework */,
				F710E5FD1879213800BD9D54 /* HPCloudCode */,
				F7A1222118522A4100E51B06 /* HousePlant */,
				F7A1223E18522A4100E51B06 /* HousePlantTests */,
				F7A1221818522A4100E51B06 /* Frameworks */,
				F7A1221718522A4100E51B06 /* Products */,
				DA734B980359F9A8D8DF60DE /* Pods */,
			);
			sourceTree = "<group>";
		};
		F7A1221718522A4100E51B06 /* Products */ = {
			isa = PBXGroup;
			children = (
				F7A1221618522A4100E51B06 /* RoomEase.app */,
			);
			name = Products;
			sourceTree = "<group>";
		};
		F7A1221818522A4100E51B06 /* Frameworks */ = {
			isa = PBXGroup;
			children = (
				7A492FBE1A6C3F7F0088F547 /* MessageUI.framework */,
				7AD77F731A690FAC00421DB8 /* Accounts.framework */,
				7AD77F711A690F8500421DB8 /* Twitter.framework */,
				7AD77F6F1A690F5900421DB8 /* Social.framework */,
				7AD77F6D1A690EB100421DB8 /* libsqlite3.dylib */,
				F714B84D18B1CC5800B598E7 /* libz.dylib */,
				F7A6F4AC1852324000CEB9FD /* libz.1.1.3.dylib */,
				7AD77F671A690DE200421DB8 /* Bolts.framework */,
				7AD77F681A690DE200421DB8 /* Parse.framework */,
				F7A6F4AD1852324000CEB9FD /* MobileCoreServices.framework */,
				F7A6F4AE1852324000CEB9FD /* QuartzCore.framework */,
				F7A6F4AF1852324000CEB9FD /* Security.framework */,
				F7A6F4B01852324000CEB9FD /* StoreKit.framework */,
				F7A6F4B11852324000CEB9FD /* SystemConfiguration.framework */,
				F7A6F4A61852320A00CEB9FD /* AudioToolbox.framework */,
				F7A6F4A71852320A00CEB9FD /* CFNetwork.framework */,
				F7A6F4A81852320A00CEB9FD /* CoreLocation.framework */,
				F7A1221918522A4100E51B06 /* Foundation.framework */,
				F7A1221B18522A4100E51B06 /* CoreGraphics.framework */,
				F7A1221D18522A4100E51B06 /* UIKit.framework */,
				F7A1221F18522A4100E51B06 /* CoreData.framework */,
				F7A1223718522A4100E51B06 /* XCTest.framework */,
				F2ADBFAE68984DBDA17CC3D1 /* libPods.a */,
			);
			name = Frameworks;
			sourceTree = "<group>";
		};
		F7A1222118522A4100E51B06 /* HousePlant */ = {
			isa = PBXGroup;
			children = (
				7A2F91D51A6F002E00675106 /* CoreDataStack */,
				F77D56EA18DC93A800CFF118 /* Resources */,
				F73F9EA818BE940D009D6097 /* Protocols */,
				F710E5FB187862BE00BD9D54 /* HelperClasses */,
				F78D484B185AA9DA000A79BC /* NetworkObjects */,
				F7A1225318522AD000E51B06 /* ViewControllers */,
				F7E3E52718EE23EF007A9C02 /* CustomViews */,
				F7A1222A18522A4100E51B06 /* HPAppDelegate.h */,
				F7A1222B18522A4100E51B06 /* HPAppDelegate.m */,
				F7653583186C99890046263B /* constants.h */,
				F7A1223018522A4100E51B06 /* Images.xcassets */,
				F7A1222D18522A4100E51B06 /* HousePlant.xcdatamodeld */,
				F7A1222218522A4100E51B06 /* Supporting Files */,
				F710E62E1891738700BD9D54 /* ParseKeys.h */,
			);
			path = HousePlant;
			sourceTree = "<group>";
		};
		F7A1222218522A4100E51B06 /* Supporting Files */ = {
			isa = PBXGroup;
			children = (
				F711387F1877008600D9BA9E /* ottawa.gpx */,
				F7A1222318522A4100E51B06 /* RoomEase-Info.plist */,
				F7A1222418522A4100E51B06 /* InfoPlist.strings */,
				F7A1222718522A4100E51B06 /* main.m */,
				F7A1222918522A4100E51B06 /* RoomEase-Prefix.pch */,
			);
			name = "Supporting Files";
			sourceTree = "<group>";
		};
		F7A1223E18522A4100E51B06 /* HousePlantTests */ = {
			isa = PBXGroup;
			children = (
				F7A1224418522A4100E51B06 /* HousePlantTests.m */,
				F7A1223F18522A4100E51B06 /* Supporting Files */,
			);
			path = HousePlantTests;
			sourceTree = "<group>";
		};
		F7A1223F18522A4100E51B06 /* Supporting Files */ = {
			isa = PBXGroup;
			children = (
				F7A1224018522A4100E51B06 /* RoomEaseTests-Info.plist */,
				F7A1224118522A4100E51B06 /* InfoPlist.strings */,
			);
			name = "Supporting Files";
			sourceTree = "<group>";
		};
		F7A1225318522AD000E51B06 /* ViewControllers */ = {
			isa = PBXGroup;
			children = (
				F710E607187B0C0600BD9D54 /* HPLogin+Onboarding */,
				F73A01B018AAFCB5000F25B6 /* HPSettingsViewController */,
				F7653584186F67110046263B /* HPMainViewController */,
			);
			name = ViewControllers;
			sourceTree = "<group>";
		};
		F7A1225418522ADB00E51B06 /* HPStartingViewController */ = {
			isa = PBXGroup;
			children = (
				F7A1224E18522ABE00E51B06 /* HPStartingViewController.h */,
				F7A1224F18522ABE00E51B06 /* HPStartingViewController.m */,
				F7A1225018522ABE00E51B06 /* HPStartingViewController.xib */,
			);
			name = HPStartingViewController;
			sourceTree = "<group>";
		};
		F7E3E51F18E22229007A9C02 /* HPFreshLoginNewUserSetup */ = {
			isa = PBXGroup;
			children = (
				F7E3E52018E22251007A9C02 /* HPFreshLoginNewUserSetup.h */,
				F7E3E52118E22251007A9C02 /* HPFreshLoginNewUserSetup.m */,
			);
			name = HPFreshLoginNewUserSetup;
			sourceTree = "<group>";
		};
		F7E3E52318EE2332007A9C02 /* HPTableView */ = {
			isa = PBXGroup;
			children = (
				7A3541251A73EB32002CA33D /* HPToDoListTableView.h */,
				7A3541261A73EB32002CA33D /* HPToDoListTableView.m */,
			);
			name = HPTableView;
			sourceTree = "<group>";
		};
		F7E3E52718EE23EF007A9C02 /* CustomViews */ = {
			isa = PBXGroup;
			children = (
				7A1B1D1A1A6A9F9600945AAF /* Popups */,
				F7E3E52318EE2332007A9C02 /* HPTableView */,
				F77D56E418D792EF00CFF118 /* HPListTableViewCell */,
			);
			name = CustomViews;
			sourceTree = "<group>";
		};
/* End PBXGroup section */

/* Begin PBXNativeTarget section */
		F7A1221518522A4100E51B06 /* Roomease */ = {
			isa = PBXNativeTarget;
			buildConfigurationList = F7A1224818522A4100E51B06 /* Build configuration list for PBXNativeTarget "Roomease" */;
			buildPhases = (
				B4A27B650B7A44D89379E9A9 /* Check Pods Manifest.lock */,
				F7A1221218522A4100E51B06 /* Sources */,
				F7A1221318522A4100E51B06 /* Frameworks */,
				F7A1221418522A4100E51B06 /* Resources */,
				C7C5A730D8D04BDDA1D4958C /* Copy Pods Resources */,
				C6495B1C1A77054300847BD4 /* ShellScript */,
			);
			buildRules = (
			);
			dependencies = (
			);
			name = Roomease;
			productName = HousePlant;
			productReference = F7A1221618522A4100E51B06 /* RoomEase.app */;
			productType = "com.apple.product-type.application";
		};
/* End PBXNativeTarget section */

/* Begin PBXProject section */
		F7A1220E18522A4100E51B06 /* Project object */ = {
			isa = PBXProject;
			attributes = {
				CLASSPREFIX = HP;
				LastUpgradeCheck = 0500;
				ORGANIZATIONNAME = HousePlant;
				TargetAttributes = {
					F7A1221518522A4100E51B06 = {
						DevelopmentTeam = 8Y2GFS326V;
						SystemCapabilities = {
							com.apple.BackgroundModes = {
								enabled = 1;
							};
						};
					};
				};
			};
			buildConfigurationList = F7A1221118522A4100E51B06 /* Build configuration list for PBXProject "RoomEase" */;
			compatibilityVersion = "Xcode 3.2";
			developmentRegion = English;
			hasScannedForEncodings = 0;
			knownRegions = (
				en,
			);
			mainGroup = F7A1220D18522A4100E51B06;
			productRefGroup = F7A1221718522A4100E51B06 /* Products */;
			projectDirPath = "";
			projectRoot = "";
			targets = (
				F7A1221518522A4100E51B06 /* Roomease */,
			);
		};
/* End PBXProject section */

/* Begin PBXResourcesBuildPhase section */
		F7A1221418522A4100E51B06 /* Resources */ = {
			isa = PBXResourcesBuildPhase;
			buildActionMask = 2147483647;
			files = (
				F714B83D18B13BC200B598E7 /* SingleRoommateSubview.xib in Resources */,
				7AC41DEE1A6AA066006C3A3B /* CheckConnectivityView.xib in Resources */,
				F711388618777B8800D9BA9E /* HPNoHomeViewController.xib in Resources */,
				F7A1222618522A4100E51B06 /* InfoPlist.strings in Resources */,
				F7A1223118522A4100E51B06 /* Images.xcassets in Resources */,
				F77D56EF18DC93A800CFF118 /* HelveticaNeue.dfont in Resources */,
				F77D56F018DC93A800CFF118 /* Mission-Script.otf in Resources */,
				F714B83318B1387800B598E7 /* RoommateImageSubview.xib in Resources */,
				F76535821867D1B20046263B /* HPSignupViewController.xib in Resources */,
				F7653589186F67CA0046263B /* HPMainViewController.xib in Resources */,
				F77D56E918D7934D00CFF118 /* HPListTableViewCell.xib in Resources */,
				F710E6051879213800BD9D54 /* global.json in Resources */,
				F71138921877837D00D9BA9E /* HPJoinHouseViewController.xib in Resources */,
				F765357C1867C3840046263B /* HPSigninViewController.xib in Resources */,
				F711388C1877832000D9BA9E /* HPCreateHouseViewController.xib in Resources */,
				F77D56F118DC93A800CFF118 /* roomease-homescreen-fonts.rtf in Resources */,
				F710E6061879213800BD9D54 /* index.html in Resources */,
				F7A1225218522ABE00E51B06 /* HPStartingViewController.xib in Resources */,
				F71138801877008600D9BA9E /* ottawa.gpx in Resources */,
				F73A01B518AAFD00000F25B6 /* HPSettingsViewController.xib in Resources */,
			);
			runOnlyForDeploymentPostprocessing = 0;
		};
/* End PBXResourcesBuildPhase section */

/* Begin PBXShellScriptBuildPhase section */
		B4A27B650B7A44D89379E9A9 /* Check Pods Manifest.lock */ = {
			isa = PBXShellScriptBuildPhase;
			buildActionMask = 2147483647;
			files = (
			);
			inputPaths = (
			);
			name = "Check Pods Manifest.lock";
			outputPaths = (
			);
			runOnlyForDeploymentPostprocessing = 0;
			shellPath = /bin/sh;
			shellScript = "diff \"${PODS_ROOT}/../Podfile.lock\" \"${PODS_ROOT}/Manifest.lock\" > /dev/null\nif [[ $? != 0 ]] ; then\n    cat << EOM\nerror: The sandbox is not in sync with the Podfile.lock. Run 'pod install' or update your CocoaPods installation.\nEOM\n    exit 1\nfi\n";
			showEnvVarsInLog = 0;
		};
		C6495B1C1A77054300847BD4 /* ShellScript */ = {
			isa = PBXShellScriptBuildPhase;
			buildActionMask = 2147483647;
			files = (
			);
			inputPaths = (
			);
			outputPaths = (
			);
			runOnlyForDeploymentPostprocessing = 0;
			shellPath = /bin/sh;
			shellScript = "./Fabric.framework/run a842d2a25e2a337bce79b6737d757ad5fc3c0df0 2915a7d24c2ffaf53cf7017e5264f49891d4221afda40c7a037a11be1edd507e";
		};
		C7C5A730D8D04BDDA1D4958C /* Copy Pods Resources */ = {
			isa = PBXShellScriptBuildPhase;
			buildActionMask = 2147483647;
			files = (
			);
			inputPaths = (
			);
			name = "Copy Pods Resources";
			outputPaths = (
			);
			runOnlyForDeploymentPostprocessing = 0;
			shellPath = /bin/sh;
			shellScript = "\"${SRCROOT}/Pods/Target Support Files/Pods/Pods-resources.sh\"\n";
			showEnvVarsInLog = 0;
		};
/* End PBXShellScriptBuildPhase section */

/* Begin PBXSourcesBuildPhase section */
		F7A1221218522A4100E51B06 /* Sources */ = {
			isa = PBXSourcesBuildPhase;
			buildActionMask = 2147483647;
			files = (
				F7A1225118522ABE00E51B06 /* HPStartingViewController.m in Sources */,
				7A3541271A73EB32002CA33D /* HPToDoListTableView.m in Sources */,
				F7A1222C18522A4100E51B06 /* HPAppDelegate.m in Sources */,
				7A3541391A767503002CA33D /* ListItem.m in Sources */,
				F714B82018ABD54C00B598E7 /* HPLocationManager.m in Sources */,
				F765357B1867C3840046263B /* HPSigninViewController.m in Sources */,
				F714B83218B1387800B598E7 /* RoommateImageSubview.m in Sources */,
				7A3541361A767503002CA33D /* House.m in Sources */,
				F76535811867D1B20046263B /* HPSignupViewController.m in Sources */,
				F36CEC1B18C6880B0013D094 /* HPSyncWorker.m in Sources */,
				7AC41DF11A6AA3A3006C3A3B /* CheckConnectivityView.m in Sources */,
				F73A01B418AAFD00000F25B6 /* HPSettingsViewController.m in Sources */,
				F73F9EAC18BE9674009D6097 /* HPUINotifier.m in Sources */,
				7A3541331A767502002CA33D /* Roommate.m in Sources */,
				F711388518777B8800D9BA9E /* HPNoHomeViewController.m in Sources */,
				F78D484E185AAB03000A79BC /* HPNetworkObject.m in Sources */,
				F714B89518B5B96E00B598E7 /* HPCameraManager.m in Sources */,
				F711388B1877832000D9BA9E /* HPCreateHouseViewController.m in Sources */,
				F714B84118B167B700B598E7 /* HPNewHouseSetup.m in Sources */,
				F7653588186F67CA0046263B /* HPMainViewController.m in Sources */,
				F7A1222F18522A4100E51B06 /* HousePlant.xcdatamodeld in Sources */,
				F710E5FA187862B700BD9D54 /* HPLoginRouter.m in Sources */,
				F77D56E818D7934D00CFF118 /* HPListTableViewCell.m in Sources */,
				F710E60B187F77BC00BD9D54 /* HPCentralData.m in Sources */,
				F36CEC2018C804160013D094 /* HPPushHelper.m in Sources */,
				F76F513B189869B100A202A6 /* HPRoommate.m in Sources */,
				F71138911877837D00D9BA9E /* HPJoinHouseViewController.m in Sources */,
				F714B83C18B13BC200B598E7 /* SingleRoommateSubview.m in Sources */,
				F7E3E52218E22251007A9C02 /* HPFreshLoginNewUserSetup.m in Sources */,
				F710E6041879213800BD9D54 /* main.js in Sources */,
				7A2F91DB1A6F03CF00675106 /* RoomeaseDataModel.xcdatamodeld in Sources */,
				7A2F91D81A6F006900675106 /* HPCoreDataStack.m in Sources */,
				F78D4854185AC0E2000A79BC /* HPHouse.m in Sources */,
				F7A1222818522A4100E51B06 /* main.m in Sources */,
				7A2F91F91A6FE2E700675106 /* ListItem+Extention.m in Sources */,
			);
			runOnlyForDeploymentPostprocessing = 0;
		};
/* End PBXSourcesBuildPhase section */

/* Begin PBXVariantGroup section */
		F7A1222418522A4100E51B06 /* InfoPlist.strings */ = {
			isa = PBXVariantGroup;
			children = (
				F7A1222518522A4100E51B06 /* en */,
			);
			name = InfoPlist.strings;
			sourceTree = "<group>";
		};
		F7A1224118522A4100E51B06 /* InfoPlist.strings */ = {
			isa = PBXVariantGroup;
			children = (
				F7A1224218522A4100E51B06 /* en */,
			);
			name = InfoPlist.strings;
			sourceTree = "<group>";
		};
/* End PBXVariantGroup section */

/* Begin XCBuildConfiguration section */
		F7A1224618522A4100E51B06 /* Debug */ = {
			isa = XCBuildConfiguration;
			buildSettings = {
				ALWAYS_SEARCH_USER_PATHS = NO;
				ARCHS = "$(ARCHS_STANDARD_INCLUDING_64_BIT)";
				CLANG_CXX_LANGUAGE_STANDARD = "gnu++0x";
				CLANG_CXX_LIBRARY = "libc++";
				CLANG_ENABLE_MODULES = YES;
				CLANG_ENABLE_OBJC_ARC = YES;
				CLANG_WARN_BOOL_CONVERSION = YES;
				CLANG_WARN_CONSTANT_CONVERSION = YES;
				CLANG_WARN_DIRECT_OBJC_ISA_USAGE = YES_ERROR;
				CLANG_WARN_EMPTY_BODY = YES;
				CLANG_WARN_ENUM_CONVERSION = YES;
				CLANG_WARN_INT_CONVERSION = YES;
				CLANG_WARN_OBJC_ROOT_CLASS = YES_ERROR;
				CLANG_WARN__DUPLICATE_METHOD_MATCH = YES;
				"CODE_SIGN_IDENTITY[sdk=iphoneos*]" = "iPhone Developer";
				COPY_PHASE_STRIP = NO;
				GCC_C_LANGUAGE_STANDARD = gnu99;
				GCC_DYNAMIC_NO_PIC = NO;
				GCC_OPTIMIZATION_LEVEL = 0;
				GCC_PREPROCESSOR_DEFINITIONS = (
					"DEBUG=1",
					"$(inherited)",
				);
				GCC_SYMBOLS_PRIVATE_EXTERN = NO;
				GCC_WARN_64_TO_32_BIT_CONVERSION = YES;
				GCC_WARN_ABOUT_RETURN_TYPE = YES_ERROR;
				GCC_WARN_UNDECLARED_SELECTOR = YES;
				GCC_WARN_UNINITIALIZED_AUTOS = YES;
				GCC_WARN_UNUSED_FUNCTION = YES;
				GCC_WARN_UNUSED_VARIABLE = YES;
				IPHONEOS_DEPLOYMENT_TARGET = 7.0;
				ONLY_ACTIVE_ARCH = YES;
				SDKROOT = iphoneos;
			};
			name = Debug;
		};
		F7A1224718522A4100E51B06 /* Release */ = {
			isa = XCBuildConfiguration;
			buildSettings = {
				ALWAYS_SEARCH_USER_PATHS = NO;
				ARCHS = "$(ARCHS_STANDARD_INCLUDING_64_BIT)";
				CLANG_CXX_LANGUAGE_STANDARD = "gnu++0x";
				CLANG_CXX_LIBRARY = "libc++";
				CLANG_ENABLE_MODULES = YES;
				CLANG_ENABLE_OBJC_ARC = YES;
				CLANG_WARN_BOOL_CONVERSION = YES;
				CLANG_WARN_CONSTANT_CONVERSION = YES;
				CLANG_WARN_DIRECT_OBJC_ISA_USAGE = YES_ERROR;
				CLANG_WARN_EMPTY_BODY = YES;
				CLANG_WARN_ENUM_CONVERSION = YES;
				CLANG_WARN_INT_CONVERSION = YES;
				CLANG_WARN_OBJC_ROOT_CLASS = YES_ERROR;
				CLANG_WARN__DUPLICATE_METHOD_MATCH = YES;
				"CODE_SIGN_IDENTITY[sdk=iphoneos*]" = "iPhone Developer";
				COPY_PHASE_STRIP = YES;
				ENABLE_NS_ASSERTIONS = NO;
				GCC_C_LANGUAGE_STANDARD = gnu99;
				GCC_WARN_64_TO_32_BIT_CONVERSION = YES;
				GCC_WARN_ABOUT_RETURN_TYPE = YES_ERROR;
				GCC_WARN_UNDECLARED_SELECTOR = YES;
				GCC_WARN_UNINITIALIZED_AUTOS = YES;
				GCC_WARN_UNUSED_FUNCTION = YES;
				GCC_WARN_UNUSED_VARIABLE = YES;
				IPHONEOS_DEPLOYMENT_TARGET = 7.0;
				SDKROOT = iphoneos;
				VALIDATE_PRODUCT = YES;
			};
			name = Release;
		};
		F7A1224918522A4100E51B06 /* Debug */ = {
			isa = XCBuildConfiguration;
			baseConfigurationReference = 447CBE3F67C1D3BDB780BEF1 /* Pods.debug.xcconfig */;
			buildSettings = {
				ARCHS = "$(ARCHS_STANDARD)";
				ASSETCATALOG_COMPILER_APPICON_NAME = AppIcon;
				ASSETCATALOG_COMPILER_LAUNCHIMAGE_NAME = LaunchImage;
				CODE_SIGN_IDENTITY = "iPhone Developer";
				"CODE_SIGN_IDENTITY[sdk=iphoneos*]" = "iPhone Developer";
				COPY_PHASE_STRIP = NO;
				FRAMEWORK_SEARCH_PATHS = (
					"$(inherited)",
					"$(SRCROOT)/Pods",
					"$(SRCROOT)",
					"$(PROJECT_DIR)/parse-library-1.6.1",
					"$(PROJECT_DIR)",
				);
				GCC_PRECOMPILE_PREFIX_HEADER = YES;
				GCC_PREFIX_HEADER = "HousePlant/RoomEase-Prefix.pch";
				INFOPLIST_FILE = "HousePlant/RoomEase-Info.plist";
				IPHONEOS_DEPLOYMENT_TARGET = 7.0;
				LIBRARY_SEARCH_PATHS = (
					"$(inherited)",
					"$(SRCROOT)/HousePlant/TestFlightSDK2.2.1",
				);
				OTHER_LDFLAGS = "$(inherited)";
				PRODUCT_NAME = RoomEase;
				PROVISIONING_PROFILE = "";
				STRIP_INSTALLED_PRODUCT = NO;
				WRAPPER_EXTENSION = app;
			};
			name = Debug;
		};
		F7A1224A18522A4100E51B06 /* Release */ = {
			isa = XCBuildConfiguration;
			baseConfigurationReference = AF077DDD507839C82B4D789F /* Pods.release.xcconfig */;
			buildSettings = {
				ARCHS = "$(ARCHS_STANDARD)";
				ASSETCATALOG_COMPILER_APPICON_NAME = AppIcon;
				ASSETCATALOG_COMPILER_LAUNCHIMAGE_NAME = LaunchImage;
				CODE_SIGN_IDENTITY = "iPhone Developer";
				"CODE_SIGN_IDENTITY[sdk=iphoneos*]" = "iPhone Developer";
				"CODE_SIGN_IDENTITY[sdk=iphoneos8.1]" = "iPhone Distribution: Desmond McNamee";
				COPY_PHASE_STRIP = NO;
				FRAMEWORK_SEARCH_PATHS = (
					"$(inherited)",
					"$(SRCROOT)/Pods",
					"$(SRCROOT)",
					"$(PROJECT_DIR)/parse-library-1.6.1",
					"$(PROJECT_DIR)",
				);
				GCC_PRECOMPILE_PREFIX_HEADER = YES;
				GCC_PREFIX_HEADER = "HousePlant/RoomEase-Prefix.pch";
				INFOPLIST_FILE = "HousePlant/RoomEase-Info.plist";
				IPHONEOS_DEPLOYMENT_TARGET = 7.0;
				LIBRARY_SEARCH_PATHS = (
					"$(inherited)",
					"$(SRCROOT)/HousePlant/TestFlightSDK2.2.1",
				);
				ONLY_ACTIVE_ARCH = YES;
				OTHER_LDFLAGS = "$(inherited)";
				PRODUCT_NAME = RoomEase;
				PROVISIONING_PROFILE = "";
				STRIP_INSTALLED_PRODUCT = NO;
				WRAPPER_EXTENSION = app;
			};
			name = Release;
		};
/* End XCBuildConfiguration section */

/* Begin XCConfigurationList section */
		F7A1221118522A4100E51B06 /* Build configuration list for PBXProject "RoomEase" */ = {
			isa = XCConfigurationList;
			buildConfigurations = (
				F7A1224618522A4100E51B06 /* Debug */,
				F7A1224718522A4100E51B06 /* Release */,
			);
			defaultConfigurationIsVisible = 0;
			defaultConfigurationName = Release;
		};
		F7A1224818522A4100E51B06 /* Build configuration list for PBXNativeTarget "Roomease" */ = {
			isa = XCConfigurationList;
			buildConfigurations = (
				F7A1224918522A4100E51B06 /* Debug */,
				F7A1224A18522A4100E51B06 /* Release */,
			);
			defaultConfigurationIsVisible = 0;
			defaultConfigurationName = Release;
		};
/* End XCConfigurationList section */

/* Begin XCVersionGroup section */
		7A2F91D91A6F03CF00675106 /* RoomeaseDataModel.xcdatamodeld */ = {
			isa = XCVersionGroup;
			children = (
				7A2F91DA1A6F03CF00675106 /* RoomeaseDataModel.xcdatamodel */,
			);
			currentVersion = 7A2F91DA1A6F03CF00675106 /* RoomeaseDataModel.xcdatamodel */;
			path = RoomeaseDataModel.xcdatamodeld;
			sourceTree = "<group>";
			versionGroupType = wrapper.xcdatamodel;
		};
		F7A1222D18522A4100E51B06 /* HousePlant.xcdatamodeld */ = {
			isa = XCVersionGroup;
			children = (
				F7A1222E18522A4100E51B06 /* HousePlant.xcdatamodel */,
			);
			currentVersion = F7A1222E18522A4100E51B06 /* HousePlant.xcdatamodel */;
			path = HousePlant.xcdatamodeld;
			sourceTree = "<group>";
			versionGroupType = wrapper.xcdatamodel;
		};
/* End XCVersionGroup section */
	};
	rootObject = F7A1220E18522A4100E51B06 /* Project object */;
}
